
Microsoft Visual Studio Solution File, Format Version 12.00
# Visual Studio Version 16
VisualStudioVersion = 16.0.29215.179
MinimumVisualStudioVersion = 10.0.40219.1
Project("{FAE04EC0-301F-11D3-BF4B-00C04F79EFBC}") = "KeyboardCrypto", "KeyboardCrypto.csproj", "{A86ABCB6-8F22-43A9-BDC0-41913D51174E}"
EndProject
Global
	GlobalSection(SolutionConfigurationPlatforms) = preSolution
		Debug|Any CPU = Debug|Any CPU
		Release|Any CPU = Release|Any CPU
	EndGlobalSection
	GlobalSection(ProjectConfigurationPlatforms) = postSolution
		{A86ABCB6-8F22-43A9-BDC0-41913D51174E}.Debug|Any CPU.ActiveCfg = Debug|Any CPU
		{A86ABCB6-8F22-43A9-BDC0-41913D51174E}.Debug|Any CPU.Build.0 = Debug|Any CPU
		{A86ABCB6-8F22-43A9-BDC0-41913D51174E}.Release|Any CPU.ActiveCfg = Release|Any CPU
		{A86ABCB6-8F22-43A9-BDC0-41913D51174E}.Release|Any CPU.Build.0 = Release|Any CPU
	EndGlobalSection
	GlobalSection(SolutionProperties) = preSolution
		HideSolutionNode = FALSE
	EndGlobalSection
	GlobalSection(ExtensibilityGlobals) = postSolution
		SolutionGuid = {56C0F8F4-B619-4593-AE95-A2CBB53AA21C}
	EndGlobalSection
EndGlobal
